eliasnaur.com/font v0.0.0-20230308162249-dd43949cb42d h1:ARo7NCVvN2NdhLlJE9xAbKweuI9L6UgfTbYb0YwPacY=
eliasnaur.com/font v0.0.0-20230308162249-dd43949cb42d/go.mod h1:OYVuxibdk9OSLX8vAqydtRPP87PyTFcT9uH3MlEGBQA=
gioui.org v0.9.0 h1:4u7XZwnb5kzQW91Nz/vR0wKD6LdW9CaVF96r3rfy4kc=
gioui.org v0.9.0/go.mod h1:CjNig0wAhLt9WZxOPAusgFD8x8IRvqt26LdDBa3Jvao=
gioui.org/cpu v0.0.0-20210808092351-bfe733dd3334/go.mod h1:A8M0Cn5o+vY5LTMlnRoK3O5kG+rH0kWfJjeKd9QpBmQ=
gioui.org/shader v1.0.8 h1:6ks0o/A+b0ne7RzEqRZK5f4Gboz2CfG+mVliciy6+qA=
gioui.org/shader v1.0.8/go.mod h1:mWdiME581d/kV7/iEhLmUgUK5iZ09XR5XpduXzbePVM=
git.sr.ht/~schnwalter/gio-mw v0.0.0-20250713180710-9d8d98474447 h1:HYmUhTNys/xHfxxtO+/EYKncPkeEcEJ/fdxuz7zWDSg=
git.sr.ht/~schnwalter/gio-mw v0.0.0-20250713180710-9d8d98474447/go.mod h1:2delIHRFXOUBnmXbltTSUCnnbpzWawIGwQGxqw2K7p0=
github.com/go-text/typesetting v0.3.0 h1:OWCgYpp8njoxSRpwrdd1bQOxdjOXDj9Rqart9ML4iF4=
github.com/go-text/typesetting v0.3.0/go.mod h1:qjZLkhRgOEYMhU9eHBr3AR4sfnGJvOXNLt8yRAySFuY=
github.com/go-text/typesetting-utils v0.0.0-20241103174707-87a29e9e6066 h1:qCuYC+94v2xrb1PoS4NIDe7DGYtLnU2wWiQe9a1B1c0=
github.com/go-text/typesetting-utils v0.0.0-20241103174707-87a29e9e6066/go.mod h1:DDxDdQEnB70R8owOx3LVpEFvpMK9eeH1o2r0yZhFI9o=
github.com/zodimo/go-compose v0.1.5 h1:10x2sb/p8pQc+JiG/xn8C4ct4JFeFBIynrKIipN2Vzw=
github.com/zodimo/go-compose v0.1.5/go.mod h1:L+Z0RNqEHszN1gWRW7+kzDgQpoJ4rXey+t28KWSehiE=
github.com/zodimo/go-maybe v0.1.3 h1:wEGtaSPkhTza+b0S+7J8C5nzkEB8KOoUK2dnQqA4ZEE=
github.com/zodimo/go-maybe v0.1.3/go.mod h1:xEqMthQw8lMcDFUWXBmrixQAhUL4SQBTqOQ5D/AlNyE=
golang.org/x/exp v0.0.0-20250711185948-6ae5c78190dc h1:TS73t7x3KarrNd5qAipmspBDS1rkMcgVG/fS1aRb4Rc=
golang.org/x/exp v0.0.0-20250711185948-6ae5c78190dc/go.mod h1:A+z0yzpGtvnG90cToK5n2tu8UJVP2XUATh+r+sfOOOc=
golang.org/x/exp/shiny v0.0.0-20250711185948-6ae5c78190dc h1:S4fuoigI+5S10itz/XeV1XmskU912Ahss09uoC3dY8I=
golang.org/x/exp/shiny v0.0.0-20250711185948-6ae5c78190dc/go.mod h1:DUdAjGCS1V5oj0c1HZTX5UNuMxBjfxuU/NIoy/wuiRw=
golang.org/x/image v0.29.0 h1:HcdsyR4Gsuys/Axh0rDEmlBmB68rW1U9BUdB3UVHsas=
golang.org/x/image v0.29.0/go.mod h1:RVJROnf3SLK8d26OW91j4FrIHGbsJ8QnbEocVTOWQDA=
golang.org/x/sys v0.34.0 h1:H5Y5sJ2L2JRdyv7ROF1he/lPdvFsd0mJHFw2ThKHxLA=
golang.org/x/sys v0.34.0/go.mod h1:BJP2sWEmIv4KK5OTEluFJCKSidICx8ciO85XgH3Ak8k=
golang.org/x/text v0.27.0 h1:4fGWRpyh641NLlecmyl4LOe6yDdfaYNrGb2zdfo4JV4=
golang.org/x/text v0.27.0/go.mod h1:1D28KMCvyooCX9hBiosv5Tz/+YLxj0j7XhWjpSUF7CU=
